
Microsoft Visual Studio Solution File, Format Version 11.00
# Visual C# Express 2010
Project("{FAE04EC0-301F-11D3-BF4B-00C04F79EFBC}") = "ferramGraph", "ferramGraph\ferramGraph.csproj", "{0CCFED24-728C-432B-9FDC-30BEF1116EDE}"
EndProject
Project("{FAE04EC0-301F-11D3-BF4B-00C04F79EFBC}") = "FerramAerospaceResearch", "FerramAerospaceResearch\FerramAerospaceResearch.csproj", "{0CE2D15F-3EC2-4DC0-B35F-D9F7B18169BE}"
EndProject
Global
	GlobalSection(SolutionConfigurationPlatforms) = preSolution
		Debug|Any CPU = Debug|Any CPU
		Release|Any CPU = Release|Any CPU
	EndGlobalSection
	GlobalSection(ProjectConfigurationPlatforms) = postSolution
		{0CCFED24-728C-432B-9FDC-30BEF1116EDE}.Debug|Any CPU.ActiveCfg = Debug|Any CPU
		{0CCFED24-728C-432B-9FDC-30BEF1116EDE}.Debug|Any CPU.Build.0 = Debug|Any CPU
		{0CCFED24-728C-432B-9FDC-30BEF1116EDE}.Release|Any CPU.ActiveCfg = Release|Any CPU
		{0CCFED24-728C-432B-9FDC-30BEF1116EDE}.Release|Any CPU.Build.0 = Release|Any CPU
		{0CE2D15F-3EC2-4DC0-B35F-D9F7B18169BE}.Debug|Any CPU.ActiveCfg = Debug|Any CPU
		{0CE2D15F-3EC2-4DC0-B35F-D9F7B18169BE}.Debug|Any CPU.Build.0 = Debug|Any CPU
		{0CE2D15F-3EC2-4DC0-B35F-D9F7B18169BE}.Release|Any CPU.ActiveCfg = Release|Any CPU
		{0CE2D15F-3EC2-4DC0-B35F-D9F7B18169BE}.Release|Any CPU.Build.0 = Release|Any CPU
	EndGlobalSection
	GlobalSection(SolutionProperties) = preSolution
		HideSolutionNode = FALSE
	EndGlobalSection
EndGlobal
